<?xml version="1.0" encoding="utf-8"?>
<Project ToolsVersion="4.0" xmlns="http://schemas.microsoft.com/developer/msbuild/2003">
  <ItemGroup>
    <Filter Include="리소스 파일">
      <UniqueIdentifier>{67DA6AB6-F800-4c08-8B7A-83BB121AAD01}</UniqueIdentifier>
      <Extensions>rc;ico;cur;bmp;dlg;rc2;rct;bin;rgs;gif;jpg;jpeg;jpe;resx;tiff;tif;png;wav;mfcribbon-ms</Extensions>
    </Filter>
    <Filter Include="Main">
      <UniqueIdentifier>{ccb63ca7-6a8a-4146-bc60-86257b53b17a}</UniqueIdentifier>
    </Filter>
    <Filter Include="Core">
      <UniqueIdentifier>{c30f736d-f6eb-4670-83ee-a89cf773575e}</UniqueIdentifier>
    </Filter>
    <Filter Include="Class">
      <UniqueIdentifier>{e8e2dea8-6bb7-48f1-ae40-267e2dd4e5ff}</UniqueIdentifier>
    </Filter>
    <Filter Include="Physics">
      <UniqueIdentifier>{1d85432e-9ede-4d36-92ec-a685d2a883f5}</UniqueIdentifier>
    </Filter>
  </ItemGroup>
  <ItemGroup>
    <ClCompile Include="Core\CollisionManager.cpp">
      <Filter>Core</Filter>
    </ClCompile>
    <ClCompile Include="Core\GameObject.cpp">
      <Filter>Core</Filter>
    </ClCompile>
    <ClCompile Include="Core\GraphicManager.cpp">
      <Filter>Core</Filter>
    </ClCompile>
    <ClCompile Include="Core\Object_Manger.cpp">
      <Filter>Core</Filter>
    </ClCompile>
    <ClCompile Include="Core\Scene.cpp">
      <Filter>Core</Filter>
    </ClCompile>
    <ClCompile Include="Core\SceneManager.cpp">
      <Filter>Core</Filter>
    </ClCompile>
    <ClCompile Include="Core\SoundManager.cpp">
      <Filter>Core</Filter>
    </ClCompile>
    <ClCompile Include="Core\System.cpp">
      <Filter>Core</Filter>
    </ClCompile>
    <ClCompile Include="Core\TextureManager.cpp">
      <Filter>Core</Filter>
    </ClCompile>
    <ClCompile Include="Main\Main.cpp">
      <Filter>Main</Filter>
    </ClCompile>
    <ClCompile Include="Main\stdafx.cpp">
      <Filter>Main</Filter>
    </ClCompile>
    <ClCompile Include="Class\S_Game.cpp">
      <Filter>Class</Filter>
    </ClCompile>
    <ClCompile Include="Class\O_Char.cpp">
      <Filter>Class</Filter>
    </ClCompile>
    <ClCompile Include="Class\PhysicsManager.cpp">
      <Filter>Physics</Filter>
    </ClCompile>
    <ClCompile Include="Class\RigidBody.cpp">
      <Filter>Physics</Filter>
    </ClCompile>
    <ClCompile Include="Class\UpdateManager.cpp">
      <Filter>Core</Filter>
    </ClCompile>
    <ClCompile Include="Class\CBox.cpp">
      <Filter>Class</Filter>
    </ClCompile>
    <ClCompile Include="Class\Ground.cpp">
      <Filter>Class</Filter>
    </ClCompile>
  </ItemGroup>
  <ItemGroup>
    <ClInclude Include="Core\CollisionManager.h">
      <Filter>Core</Filter>
    </ClInclude>
    <ClInclude Include="Core\GameObject.h">
      <Filter>Core</Filter>
    </ClInclude>
    <ClInclude Include="Core\GraphicManager.h">
      <Filter>Core</Filter>
    </ClInclude>
    <ClInclude Include="Core\Object_Manger.h">
      <Filter>Core</Filter>
    </ClInclude>
    <ClInclude Include="Core\Scene.h">
      <Filter>Core</Filter>
    </ClInclude>
    <ClInclude Include="Core\SceneManager.h">
      <Filter>Core</Filter>
    </ClInclude>
    <ClInclude Include="Core\Singleton.h">
      <Filter>Core</Filter>
    </ClInclude>
    <ClInclude Include="Core\SoundManager.h">
      <Filter>Core</Filter>
    </ClInclude>
    <ClInclude Include="Core\System.h">
      <Filter>Core</Filter>
    </ClInclude>
    <ClInclude Include="Core\TextureManager.h">
      <Filter>Core</Filter>
    </ClInclude>
    <ClInclude Include="Main\stdafx.h">
      <Filter>Main</Filter>
    </ClInclude>
    <ClInclude Include="Class\S_Game.h">
      <Filter>Class</Filter>
    </ClInclude>
    <ClInclude Include="Class\O_Char.h">
      <Filter>Class</Filter>
    </ClInclude>
    <ClInclude Include="Class\RigidBody.h">
      <Filter>Physics</Filter>
    </ClInclude>
    <ClInclude Include="Class\PhysicsManager.h">
      <Filter>Physics</Filter>
    </ClInclude>
    <ClInclude Include="Core\ConstantValue.h" />
    <ClInclude Include="Class\Update.h">
      <Filter>Core</Filter>
    </ClInclude>
    <ClInclude Include="Class\UpdateManager.h">
      <Filter>Core</Filter>
    </ClInclude>
    <ClInclude Include="Class\CBox.h">
      <Filter>Class</Filter>
    </ClInclude>
    <ClInclude Include="Class\Ground.h">
      <Filter>Class</Filter>
    </ClInclude>
    <ClInclude Include="Class\IScroll.h">
      <Filter>Class</Filter>
    </ClInclude>
    <ClInclude Include="Class\MoveDirection.h" />
  </ItemGroup>
</Project>